<?xml version="1.0" encoding="utf-8"?>
<Project ToolsVersion="4.0" xmlns="http://schemas.microsoft.com/developer/msbuild/2003">
  <ItemGroup>
    <Filter Include="Source Files">
      <UniqueIdentifier>{4FC737F1-C7A5-4376-A066-2A32D752A2FF}</UniqueIdentifier>
      <Extensions>cpp;c;cc;cxx;def;odl;idl;hpj;bat;asm;asmx</Extensions>
    </Filter>
    <Filter Include="Header Files">
      <UniqueIdentifier>{93995380-89BD-4b04-88EB-625FBE52EBFB}</UniqueIdentifier>
      <Extensions>h;hh;hpp;hxx;hm;inl;inc;ipp;xsd</Extensions>
    </Filter>
    <Filter Include="Resource Files">
      <UniqueIdentifier>{67DA6AB6-F800-4c08-8B7A-83BB121AAD01}</UniqueIdentifier>
      <Extensions>rc;ico;cur;bmp;dlg;rc2;rct;bin;rgs;gif;jpg;jpeg;jpe;resx;tiff;tif;png;wav;mfcribbon-ms</Extensions>
    </Filter>
    <Filter Include="Header Files\Domain">
      <UniqueIdentifier>{b390e651-7f91-4e52-b434-14f0c13b61f2}</UniqueIdentifier>
    </Filter>
    <Filter Include="Header Files\UI">
      <UniqueIdentifier>{690f467a-22b9-4577-b19a-8adafb509efa}</UniqueIdentifier>
    </Filter>
    <Filter Include="Header Files\Services">
      <UniqueIdentifier>{f34050b7-c2b6-407f-80a2-a60b88d327fe}</UniqueIdentifier>
    </Filter>
    <Filter Include="Source Files\Domain">
      <UniqueIdentifier>{ebf8e25f-8202-424f-bd07-a7215eff5ba5}</UniqueIdentifier>
    </Filter>
    <Filter Include="Source Files\Services">
      <UniqueIdentifier>{35e54df3-e18d-4a2b-8219-8414b7a204d7}</UniqueIdentifier>
    </Filter>
    <Filter Include="Source Files\UI">
      <UniqueIdentifier>{cde80118-f2f6-4899-b384-3df56ed1229a}</UniqueIdentifier>
    </Filter>
    <Filter Include="Header Files\Domain\Piece">
      <UniqueIdentifier>{fafb4e6e-bb65-445e-8d15-1c6f533a59f3}</UniqueIdentifier>
    </Filter>
    <Filter Include="Source Files\Domain\Piece">
      <UniqueIdentifier>{5cd3bc8d-ac01-4097-b71e-c17da829accb}</UniqueIdentifier>
    </Filter>
  </ItemGroup>
  <ItemGroup>
    <ClInclude Include="Services\Game_server.h">
      <Filter>Header Files\Services</Filter>
    </ClInclude>
    <ClInclude Include="Domain\Board\Board.h">
      <Filter>Header Files\Domain</Filter>
    </ClInclude>
    <ClInclude Include="UI\UI_console.h">
      <Filter>Header Files\UI</Filter>
    </ClInclude>
    <ClInclude Include="UI\Windows\UI_console_win.h">
      <Filter>Header Files\UI</Filter>
    </ClInclude>
    <ClInclude Include="Domain\Piece\Piece.h">
      <Filter>Header Files\Domain\Piece</Filter>
    </ClInclude>
    <ClInclude Include="Domain\Piece\Piece1.h">
      <Filter>Header Files\Domain\Piece</Filter>
    </ClInclude>
    <ClInclude Include="Domain\Piece\Piece2.h">
      <Filter>Header Files\Domain\Piece</Filter>
    </ClInclude>
    <ClInclude Include="Domain\Piece\Piece3.h">
      <Filter>Header Files\Domain\Piece</Filter>
    </ClInclude>
    <ClInclude Include="Domain\Piece\Piece4.h">
      <Filter>Header Files\Domain\Piece</Filter>
    </ClInclude>
    <ClInclude Include="Domain\Piece\Piece5.h">
      <Filter>Header Files\Domain\Piece</Filter>
    </ClInclude>
    <ClInclude Include="Domain\Piece\PieceFactory.h">
      <Filter>Header Files\Domain\Piece</Filter>
    </ClInclude>
    <ClInclude Include="Domain\Game\GameTetris.h">
      <Filter>Header Files\Domain</Filter>
    </ClInclude>
    <ClInclude Include="Domain\Game\Game.h">
      <Filter>Header Files\Domain</Filter>
    </ClInclude>
    <ClInclude Include="Domain\Player\Player.h">
      <Filter>Header Files\Domain</Filter>
    </ClInclude>
  </ItemGroup>
  <ItemGroup>
    <ClCompile Include="Domain\Board\Board.cpp">
      <Filter>Source Files\Domain</Filter>
    </ClCompile>
    <ClCompile Include="Services\Game_server.cpp">
      <Filter>Source Files\Services</Filter>
    </ClCompile>
    <ClCompile Include="UI\UI_console.cpp">
      <Filter>Source Files\UI</Filter>
    </ClCompile>
    <ClCompile Include="UI\Windows\UI_console_win.cpp">
      <Filter>Source Files\UI</Filter>
    </ClCompile>
    <ClCompile Include="Domain\main.cpp">
      <Filter>Source Files\Domain</Filter>
    </ClCompile>
    <ClCompile Include="Domain\Piece\Piece.cpp">
      <Filter>Source Files\Domain\Piece</Filter>
    </ClCompile>
    <ClCompile Include="Domain\Piece\Piece1.cpp">
      <Filter>Source Files\Domain\Piece</Filter>
    </ClCompile>
    <ClCompile Include="Domain\Piece\Piece2.cpp">
      <Filter>Source Files\Domain\Piece</Filter>
    </ClCompile>
    <ClCompile Include="Domain\Piece\Piece3.cpp">
      <Filter>Source Files\Domain\Piece</Filter>
    </ClCompile>
    <ClCompile Include="Domain\Piece\Piece4.cpp">
      <Filter>Source Files\Domain\Piece</Filter>
    </ClCompile>
    <ClCompile Include="Domain\Piece\Piece5.cpp">
      <Filter>Source Files\Domain\Piece</Filter>
    </ClCompile>
    <ClCompile Include="Domain\Piece\PieceFactory.cpp">
      <Filter>Source Files\Domain\Piece</Filter>
    </ClCompile>
    <ClCompile Include="Domain\Game\GameTetris.cpp">
      <Filter>Source Files\Domain</Filter>
    </ClCompile>
    <ClCompile Include="Domain\Game\Game.cpp">
      <Filter>Source Files</Filter>
    </ClCompile>
    <ClCompile Include="Domain\Player\Player.cpp">
      <Filter>Source Files\Domain</Filter>
    </ClCompile>
  </ItemGroup>
</Project>